
Microsoft Visual Studio Solution File, Format Version 12.00
# Visual Studio Version 16
VisualStudioVersion = 16.0.32428.217
MinimumVisualStudioVersion = 10.0.40219.1
Project("{FAE04EC0-301F-11D3-BF4B-00C04F79EFBC}") = "LessonsIJunior", "LessonsIJunior\LessonsIJunior.csproj", "{E9DB3C08-13DA-448C-BECA-0FEEBB662FFD}"
EndProject
Global
	GlobalSection(SolutionConfigurationPlatforms) = preSolution
		Debug|Any CPU = Debug|Any CPU
		Release|Any CPU = Release|Any CPU
	EndGlobalSection
	GlobalSection(ProjectConfigurationPlatforms) = postSolution
		{E9DB3C08-13DA-448C-BECA-0FEEBB662FFD}.Debug|Any CPU.ActiveCfg = Debug|Any CPU
		{E9DB3C08-13DA-448C-BECA-0FEEBB662FFD}.Debug|Any CPU.Build.0 = Debug|Any CPU
		{E9DB3C08-13DA-448C-BECA-0FEEBB662FFD}.Release|Any CPU.ActiveCfg = Release|Any CPU
		{E9DB3C08-13DA-448C-BECA-0FEEBB662FFD}.Release|Any CPU.Build.0 = Release|Any CPU
	EndGlobalSection
	GlobalSection(SolutionProperties) = preSolution
		HideSolutionNode = FALSE
	EndGlobalSection
	GlobalSection(ExtensibilityGlobals) = postSolution
		SolutionGuid = {B870AFA8-3192-4448-AFBF-D78F5080680E}
	EndGlobalSection
EndGlobal
